// !$*UTF8*$!
{
	archiveVersion = 1;
	classes = {
	};
	objectVersion = 56;
	objects = {

/* Begin PBXBuildFile section */
		BA75F1952AFD2F8700D30FF3 /* TubeLineColorTests.swift in Sources */ = {isa = PBXBuildFile; fileRef = BA75F1942AFD2F8700D30FF3 /* TubeLineColorTests.swift */; };
		BA75F1982AFD3E0E00D30FF3 /* AccessibilityGenerator.swift in Sources */ = {isa = PBXBuildFile; fileRef = BA75F1972AFD3E0E00D30FF3 /* AccessibilityGenerator.swift */; };
		BA75F19A2AFD3E2700D30FF3 /* AccessibilityGeneratorTests.swift in Sources */ = {isa = PBXBuildFile; fileRef = BA75F1992AFD3E2700D30FF3 /* AccessibilityGeneratorTests.swift */; };
		BA75F19C2AFE4F5D00D30FF3 /* LoadingState.swift in Sources */ = {isa = PBXBuildFile; fileRef = BA75F19B2AFE4F5D00D30FF3 /* LoadingState.swift */; };
		BA8A1D5E2AFA94F900DE7D09 /* AppDelegate.swift in Sources */ = {isa = PBXBuildFile; fileRef = BA8A1D5D2AFA94F900DE7D09 /* AppDelegate.swift */; };
		BA8A1D602AFA94F900DE7D09 /* SceneDelegate.swift in Sources */ = {isa = PBXBuildFile; fileRef = BA8A1D5F2AFA94F900DE7D09 /* SceneDelegate.swift */; };
		BA8A1D672AFA94FC00DE7D09 /* Assets.xcassets in Resources */ = {isa = PBXBuildFile; fileRef = BA8A1D662AFA94FC00DE7D09 /* Assets.xcassets */; };
		BA8A1D6A2AFA94FC00DE7D09 /* LaunchScreen.storyboard in Resources */ = {isa = PBXBuildFile; fileRef = BA8A1D682AFA94FC00DE7D09 /* LaunchScreen.storyboard */; };
		BA8A1D842AFAA71E00DE7D09 /* XCTestCase+Extension.swift in Sources */ = {isa = PBXBuildFile; fileRef = BA8A1D832AFAA71E00DE7D09 /* XCTestCase+Extension.swift */; };
		BA8A1D8C2AFAA98700DE7D09 /* RemoteLineStatusTests.swift in Sources */ = {isa = PBXBuildFile; fileRef = BA8A1D8B2AFAA98700DE7D09 /* RemoteLineStatusTests.swift */; };
		BA8A1D8E2AFAACEA00DE7D09 /* RemoteLineModeStatus.swift in Sources */ = {isa = PBXBuildFile; fileRef = BA8A1D8D2AFAACEA00DE7D09 /* RemoteLineModeStatus.swift */; };
		BA8A1D902AFAB13B00DE7D09 /* Crowding.json in Resources */ = {isa = PBXBuildFile; fileRef = BA8A1D8F2AFAB13B00DE7D09 /* Crowding.json */; };
		BA8A1D942AFAB38200DE7D09 /* ValidityPeriod.json in Resources */ = {isa = PBXBuildFile; fileRef = BA8A1D932AFAB38200DE7D09 /* ValidityPeriod.json */; };
		BA8A1D962AFAB5E100DE7D09 /* ServiceType.json in Resources */ = {isa = PBXBuildFile; fileRef = BA8A1D952AFAB5E100DE7D09 /* ServiceType.json */; };
		BA8A1D982AFAB73D00DE7D09 /* Disruption.json in Resources */ = {isa = PBXBuildFile; fileRef = BA8A1D972AFAB73D00DE7D09 /* Disruption.json */; };
		BA8A1D9A2AFAB8ED00DE7D09 /* LineStatus.json in Resources */ = {isa = PBXBuildFile; fileRef = BA8A1D992AFAB8ED00DE7D09 /* LineStatus.json */; };
		BA8A1D9C2AFABABC00DE7D09 /* LineModeStatusElement.json in Resources */ = {isa = PBXBuildFile; fileRef = BA8A1D9B2AFABABC00DE7D09 /* LineModeStatusElement.json */; };
		BA8A1DA02AFBA9B600DE7D09 /* LineDetails.swift in Sources */ = {isa = PBXBuildFile; fileRef = BA8A1D9F2AFBA9B600DE7D09 /* LineDetails.swift */; };
		BA8A1DA22AFBAB3200DE7D09 /* LineStatusDetails.swift in Sources */ = {isa = PBXBuildFile; fileRef = BA8A1DA12AFBAB3200DE7D09 /* LineStatusDetails.swift */; };
		BA8A1DA42AFBACCB00DE7D09 /* DomainMapper.swift in Sources */ = {isa = PBXBuildFile; fileRef = BA8A1DA32AFBACCB00DE7D09 /* DomainMapper.swift */; };
		BA8A1DA72AFBAED800DE7D09 /* DomainMapperTests.swift in Sources */ = {isa = PBXBuildFile; fileRef = BA8A1DA62AFBAED800DE7D09 /* DomainMapperTests.swift */; };
		BA8A1DAA2AFBB65200DE7D09 /* Poppify in Frameworks */ = {isa = PBXBuildFile; productRef = BA8A1DA92AFBB65200DE7D09 /* Poppify */; };
		BA8A1DAD2AFBB66400DE7D09 /* Injection in Frameworks */ = {isa = PBXBuildFile; productRef = BA8A1DAC2AFBB66400DE7D09 /* Injection */; };
		BA8A1DB02AFBBC9500DE7D09 /* TFLClient.swift in Sources */ = {isa = PBXBuildFile; fileRef = BA8A1DAF2AFBBC9500DE7D09 /* TFLClient.swift */; };
		BA8A1DB42AFBBD3300DE7D09 /* InjectedValues+Extension.swift in Sources */ = {isa = PBXBuildFile; fileRef = BA8A1DB32AFBBD3300DE7D09 /* InjectedValues+Extension.swift */; };
		BA8A1DB62AFBBF2C00DE7D09 /* Requests.swift in Sources */ = {isa = PBXBuildFile; fileRef = BA8A1DB52AFBBF2C00DE7D09 /* Requests.swift */; };
		BA8A1DC72AFBE17B00DE7D09 /* Coordinator.swift in Sources */ = {isa = PBXBuildFile; fileRef = BA8A1DC62AFBE17B00DE7D09 /* Coordinator.swift */; };
		BA8A1DC92AFBE28F00DE7D09 /* AppCoordinator.swift in Sources */ = {isa = PBXBuildFile; fileRef = BA8A1DC82AFBE28F00DE7D09 /* AppCoordinator.swift */; };
		BA8A1DCC2AFBE31200DE7D09 /* AppCordinatorTests.swift in Sources */ = {isa = PBXBuildFile; fileRef = BA8A1DCB2AFBE31200DE7D09 /* AppCordinatorTests.swift */; };
		BA8A1DD02AFBE4C100DE7D09 /* TubeStatusFlowCoordinator.swift in Sources */ = {isa = PBXBuildFile; fileRef = BA8A1DCF2AFBE4C100DE7D09 /* TubeStatusFlowCoordinator.swift */; };
		BA8A1DD22AFBE5BA00DE7D09 /* TubeStatusFlowCoordinatorTests.swift in Sources */ = {isa = PBXBuildFile; fileRef = BA8A1DD12AFBE5BA00DE7D09 /* TubeStatusFlowCoordinatorTests.swift */; };
		BA8A1DD62AFBF21800DE7D09 /* TestingAppDelegate.swift in Sources */ = {isa = PBXBuildFile; fileRef = BA8A1DD52AFBF21800DE7D09 /* TestingAppDelegate.swift */; };
		BA8A1DD72AFBF5CF00DE7D09 /* main.swift in Sources */ = {isa = PBXBuildFile; fileRef = BA8A1DD32AFBF19F00DE7D09 /* main.swift */; };
		BA8A1DDA2AFBF7AF00DE7D09 /* TestingSceneDelegate.swift in Sources */ = {isa = PBXBuildFile; fileRef = BA8A1DD92AFBF7AF00DE7D09 /* TestingSceneDelegate.swift */; };
		BA8A1DDC2AFBF7E700DE7D09 /* TestingRootViewController.swift in Sources */ = {isa = PBXBuildFile; fileRef = BA8A1DDB2AFBF7E700DE7D09 /* TestingRootViewController.swift */; };
		BA8A1DE22AFBFC3A00DE7D09 /* TubeStatusTableViewController.swift in Sources */ = {isa = PBXBuildFile; fileRef = BA8A1DE12AFBFC3A00DE7D09 /* TubeStatusTableViewController.swift */; };
		BA8A1DE42AFBFC9C00DE7D09 /* TubeStatusViewModel.swift in Sources */ = {isa = PBXBuildFile; fileRef = BA8A1DE32AFBFC9C00DE7D09 /* TubeStatusViewModel.swift */; };
		BA8A1DE72AFBFEF500DE7D09 /* TubeStatusRepository.swift in Sources */ = {isa = PBXBuildFile; fileRef = BA8A1DE62AFBFEF500DE7D09 /* TubeStatusRepository.swift */; };
		BA8A1DEA2AFC1FD600DE7D09 /* TubeStatusRepositoryTests.swift in Sources */ = {isa = PBXBuildFile; fileRef = BA8A1DE92AFC1FD600DE7D09 /* TubeStatusRepositoryTests.swift */; };
		BA8A1DEC2AFC205C00DE7D09 /* RemoteLineModeStatus.json in Resources */ = {isa = PBXBuildFile; fileRef = BA8A1DEB2AFC205C00DE7D09 /* RemoteLineModeStatus.json */; };
		BA8A1DEF2AFC276A00DE7D09 /* Mocks.swift in Sources */ = {isa = PBXBuildFile; fileRef = BA8A1DEE2AFC276A00DE7D09 /* Mocks.swift */; };
		BA8A1DF42AFC292B00DE7D09 /* TubeStatusViewModelTests.swift in Sources */ = {isa = PBXBuildFile; fileRef = BA8A1DF32AFC292B00DE7D09 /* TubeStatusViewModelTests.swift */; };
		BA8A1DF72AFD071400DE7D09 /* TubeStatusTableViewCell.swift in Sources */ = {isa = PBXBuildFile; fileRef = BA8A1DF52AFD071400DE7D09 /* TubeStatusTableViewCell.swift */; };
		BA8A1DF82AFD071400DE7D09 /* TubeStatusTableViewCell.xib in Resources */ = {isa = PBXBuildFile; fileRef = BA8A1DF62AFD071400DE7D09 /* TubeStatusTableViewCell.xib */; };
		BA8A1DFB2AFD0B2900DE7D09 /* ClassName.swift in Sources */ = {isa = PBXBuildFile; fileRef = BA8A1DFA2AFD0B2900DE7D09 /* ClassName.swift */; };
		BA8A1DFD2AFD0B6700DE7D09 /* TableViewCellReuse.swift in Sources */ = {isa = PBXBuildFile; fileRef = BA8A1DFC2AFD0B6700DE7D09 /* TableViewCellReuse.swift */; };
		BA8A1E002AFD2D2100DE7D09 /* TubeLineColor.swift in Sources */ = {isa = PBXBuildFile; fileRef = BA8A1DFF2AFD2D2100DE7D09 /* TubeLineColor.swift */; };
/* End PBXBuildFile section */

/* Begin PBXContainerItemProxy section */
		BA8A1D7A2AFAA47300DE7D09 /* PBXContainerItemProxy */ = {
			isa = PBXContainerItemProxy;
			containerPortal = BA8A1D522AFA94F900DE7D09 /* Project object */;
			proxyType = 1;
			remoteGlobalIDString = BA8A1D592AFA94F900DE7D09;
			remoteInfo = "Tube Status";
		};
/* End PBXContainerItemProxy section */

/* Begin PBXFileReference section */
		BA75F1942AFD2F8700D30FF3 /* TubeLineColorTests.swift */ = {isa = PBXFileReference; lastKnownFileType = sourcecode.swift; path = TubeLineColorTests.swift; sourceTree = "<group>"; };
		BA75F1972AFD3E0E00D30FF3 /* AccessibilityGenerator.swift */ = {isa = PBXFileReference; lastKnownFileType = sourcecode.swift; path = AccessibilityGenerator.swift; sourceTree = "<group>"; };
		BA75F1992AFD3E2700D30FF3 /* AccessibilityGeneratorTests.swift */ = {isa = PBXFileReference; lastKnownFileType = sourcecode.swift; path = AccessibilityGeneratorTests.swift; sourceTree = "<group>"; };
		BA75F19B2AFE4F5D00D30FF3 /* LoadingState.swift */ = {isa = PBXFileReference; lastKnownFileType = sourcecode.swift; path = LoadingState.swift; sourceTree = "<group>"; };
		BA8A1D5A2AFA94F900DE7D09 /* Tube Status.app */ = {isa = PBXFileReference; explicitFileType = wrapper.application; includeInIndex = 0; path = "Tube Status.app"; sourceTree = BUILT_PRODUCTS_DIR; };
		BA8A1D5D2AFA94F900DE7D09 /* AppDelegate.swift */ = {isa = PBXFileReference; lastKnownFileType = sourcecode.swift; path = AppDelegate.swift; sourceTree = "<group>"; };
		BA8A1D5F2AFA94F900DE7D09 /* SceneDelegate.swift */ = {isa = PBXFileReference; lastKnownFileType = sourcecode.swift; path = SceneDelegate.swift; sourceTree = "<group>"; };
		BA8A1D662AFA94FC00DE7D09 /* Assets.xcassets */ = {isa = PBXFileReference; lastKnownFileType = folder.assetcatalog; path = Assets.xcassets; sourceTree = "<group>"; };
		BA8A1D692AFA94FC00DE7D09 /* Base */ = {isa = PBXFileReference; lastKnownFileType = file.storyboard; name = Base; path = Base.lproj/LaunchScreen.storyboard; sourceTree = "<group>"; };
		BA8A1D6B2AFA94FC00DE7D09 /* Info.plist */ = {isa = PBXFileReference; lastKnownFileType = text.plist.xml; path = Info.plist; sourceTree = "<group>"; };
		BA8A1D762AFAA47300DE7D09 /* App Tests.xctest */ = {isa = PBXFileReference; explicitFileType = wrapper.cfbundle; includeInIndex = 0; path = "App Tests.xctest"; sourceTree = BUILT_PRODUCTS_DIR; };
		BA8A1D832AFAA71E00DE7D09 /* XCTestCase+Extension.swift */ = {isa = PBXFileReference; lastKnownFileType = sourcecode.swift; path = "XCTestCase+Extension.swift"; sourceTree = "<group>"; };
		BA8A1D8B2AFAA98700DE7D09 /* RemoteLineStatusTests.swift */ = {isa = PBXFileReference; lastKnownFileType = sourcecode.swift; path = RemoteLineStatusTests.swift; sourceTree = "<group>"; };
		BA8A1D8D2AFAACEA00DE7D09 /* RemoteLineModeStatus.swift */ = {isa = PBXFileReference; lastKnownFileType = sourcecode.swift; path = RemoteLineModeStatus.swift; sourceTree = "<group>"; };
		BA8A1D8F2AFAB13B00DE7D09 /* Crowding.json */ = {isa = PBXFileReference; lastKnownFileType = text.json; path = Crowding.json; sourceTree = "<group>"; };
		BA8A1D932AFAB38200DE7D09 /* ValidityPeriod.json */ = {isa = PBXFileReference; lastKnownFileType = text.json; path = ValidityPeriod.json; sourceTree = "<group>"; };
		BA8A1D952AFAB5E100DE7D09 /* ServiceType.json */ = {isa = PBXFileReference; lastKnownFileType = text.json; path = ServiceType.json; sourceTree = "<group>"; };
		BA8A1D972AFAB73D00DE7D09 /* Disruption.json */ = {isa = PBXFileReference; lastKnownFileType = text.json; path = Disruption.json; sourceTree = "<group>"; };
		BA8A1D992AFAB8ED00DE7D09 /* LineStatus.json */ = {isa = PBXFileReference; lastKnownFileType = text.json; path = LineStatus.json; sourceTree = "<group>"; };
		BA8A1D9B2AFABABC00DE7D09 /* LineModeStatusElement.json */ = {isa = PBXFileReference; lastKnownFileType = text.json; path = LineModeStatusElement.json; sourceTree = "<group>"; };
		BA8A1D9F2AFBA9B600DE7D09 /* LineDetails.swift */ = {isa = PBXFileReference; lastKnownFileType = sourcecode.swift; path = LineDetails.swift; sourceTree = "<group>"; };
		BA8A1DA12AFBAB3200DE7D09 /* LineStatusDetails.swift */ = {isa = PBXFileReference; lastKnownFileType = sourcecode.swift; path = LineStatusDetails.swift; sourceTree = "<group>"; };
		BA8A1DA32AFBACCB00DE7D09 /* DomainMapper.swift */ = {isa = PBXFileReference; lastKnownFileType = sourcecode.swift; path = DomainMapper.swift; sourceTree = "<group>"; };
		BA8A1DA62AFBAED800DE7D09 /* DomainMapperTests.swift */ = {isa = PBXFileReference; lastKnownFileType = sourcecode.swift; path = DomainMapperTests.swift; sourceTree = "<group>"; };
		BA8A1DAF2AFBBC9500DE7D09 /* TFLClient.swift */ = {isa = PBXFileReference; lastKnownFileType = sourcecode.swift; path = TFLClient.swift; sourceTree = "<group>"; };
		BA8A1DB32AFBBD3300DE7D09 /* InjectedValues+Extension.swift */ = {isa = PBXFileReference; lastKnownFileType = sourcecode.swift; path = "InjectedValues+Extension.swift"; sourceTree = "<group>"; };
		BA8A1DB52AFBBF2C00DE7D09 /* Requests.swift */ = {isa = PBXFileReference; lastKnownFileType = sourcecode.swift; path = Requests.swift; sourceTree = "<group>"; };
		BA8A1DBA2AFBD27F00DE7D09 /* Config.xcconfig */ = {isa = PBXFileReference; lastKnownFileType = text.xcconfig; path = Config.xcconfig; sourceTree = "<group>"; };
		BA8A1DC62AFBE17B00DE7D09 /* Coordinator.swift */ = {isa = PBXFileReference; lastKnownFileType = sourcecode.swift; path = Coordinator.swift; sourceTree = "<group>"; };
		BA8A1DC82AFBE28F00DE7D09 /* AppCoordinator.swift */ = {isa = PBXFileReference; lastKnownFileType = sourcecode.swift; path = AppCoordinator.swift; sourceTree = "<group>"; };
		BA8A1DCB2AFBE31200DE7D09 /* AppCordinatorTests.swift */ = {isa = PBXFileReference; lastKnownFileType = sourcecode.swift; path = AppCordinatorTests.swift; sourceTree = "<group>"; };
		BA8A1DCF2AFBE4C100DE7D09 /* TubeStatusFlowCoordinator.swift */ = {isa = PBXFileReference; lastKnownFileType = sourcecode.swift; path = TubeStatusFlowCoordinator.swift; sourceTree = "<group>"; };
		BA8A1DD12AFBE5BA00DE7D09 /* TubeStatusFlowCoordinatorTests.swift */ = {isa = PBXFileReference; lastKnownFileType = sourcecode.swift; path = TubeStatusFlowCoordinatorTests.swift; sourceTree = "<group>"; };
		BA8A1DD32AFBF19F00DE7D09 /* main.swift */ = {isa = PBXFileReference; lastKnownFileType = sourcecode.swift; path = main.swift; sourceTree = "<group>"; };
		BA8A1DD52AFBF21800DE7D09 /* TestingAppDelegate.swift */ = {isa = PBXFileReference; lastKnownFileType = sourcecode.swift; path = TestingAppDelegate.swift; sourceTree = "<group>"; };
		BA8A1DD92AFBF7AF00DE7D09 /* TestingSceneDelegate.swift */ = {isa = PBXFileReference; lastKnownFileType = sourcecode.swift; path = TestingSceneDelegate.swift; sourceTree = "<group>"; };
		BA8A1DDB2AFBF7E700DE7D09 /* TestingRootViewController.swift */ = {isa = PBXFileReference; lastKnownFileType = sourcecode.swift; path = TestingRootViewController.swift; sourceTree = "<group>"; };
		BA8A1DE12AFBFC3A00DE7D09 /* TubeStatusTableViewController.swift */ = {isa = PBXFileReference; lastKnownFileType = sourcecode.swift; path = TubeStatusTableViewController.swift; sourceTree = "<group>"; };
		BA8A1DE32AFBFC9C00DE7D09 /* TubeStatusViewModel.swift */ = {isa = PBXFileReference; lastKnownFileType = sourcecode.swift; path = TubeStatusViewModel.swift; sourceTree = "<group>"; };
		BA8A1DE62AFBFEF500DE7D09 /* TubeStatusRepository.swift */ = {isa = PBXFileReference; lastKnownFileType = sourcecode.swift; path = TubeStatusRepository.swift; sourceTree = "<group>"; };
		BA8A1DE92AFC1FD600DE7D09 /* TubeStatusRepositoryTests.swift */ = {isa = PBXFileReference; lastKnownFileType = sourcecode.swift; path = TubeStatusRepositoryTests.swift; sourceTree = "<group>"; };
		BA8A1DEB2AFC205C00DE7D09 /* RemoteLineModeStatus.json */ = {isa = PBXFileReference; lastKnownFileType = text.json; path = RemoteLineModeStatus.json; sourceTree = "<group>"; };
		BA8A1DEE2AFC276A00DE7D09 /* Mocks.swift */ = {isa = PBXFileReference; lastKnownFileType = sourcecode.swift; path = Mocks.swift; sourceTree = "<group>"; };
		BA8A1DF32AFC292B00DE7D09 /* TubeStatusViewModelTests.swift */ = {isa = PBXFileReference; lastKnownFileType = sourcecode.swift; path = TubeStatusViewModelTests.swift; sourceTree = "<group>"; };
		BA8A1DF52AFD071400DE7D09 /* TubeStatusTableViewCell.swift */ = {isa = PBXFileReference; lastKnownFileType = sourcecode.swift; path = TubeStatusTableViewCell.swift; sourceTree = "<group>"; };
		BA8A1DF62AFD071400DE7D09 /* TubeStatusTableViewCell.xib */ = {isa = PBXFileReference; lastKnownFileType = file.xib; path = TubeStatusTableViewCell.xib; sourceTree = "<group>"; };
		BA8A1DFA2AFD0B2900DE7D09 /* ClassName.swift */ = {isa = PBXFileReference; lastKnownFileType = sourcecode.swift; path = ClassName.swift; sourceTree = "<group>"; };
		BA8A1DFC2AFD0B6700DE7D09 /* TableViewCellReuse.swift */ = {isa = PBXFileReference; lastKnownFileType = sourcecode.swift; path = TableViewCellReuse.swift; sourceTree = "<group>"; };
		BA8A1DFF2AFD2D2100DE7D09 /* TubeLineColor.swift */ = {isa = PBXFileReference; lastKnownFileType = sourcecode.swift; path = TubeLineColor.swift; sourceTree = "<group>"; };
/* End PBXFileReference section */

/* Begin PBXFrameworksBuildPhase section */
		BA8A1D572AFA94F900DE7D09 /* Frameworks */ = {
			isa = PBXFrameworksBuildPhase;
			buildActionMask = 2147483647;
			files = (
				BA8A1DAD2AFBB66400DE7D09 /* Injection in Frameworks */,
				BA8A1DAA2AFBB65200DE7D09 /* Poppify in Frameworks */,
			);
			runOnlyForDeploymentPostprocessing = 0;
		};
		BA8A1D732AFAA47300DE7D09 /* Frameworks */ = {
			isa = PBXFrameworksBuildPhase;
			buildActionMask = 2147483647;
			files = (
			);
			runOnlyForDeploymentPostprocessing = 0;
		};
/* End PBXFrameworksBuildPhase section */

/* Begin PBXGroup section */
		BA75F1932AFD2F6C00D30FF3 /* DesignSystemTests */ = {
			isa = PBXGroup;
			children = (
				BA75F1942AFD2F8700D30FF3 /* TubeLineColorTests.swift */,
			);
			path = DesignSystemTests;
			sourceTree = "<group>";
		};
		BA75F1962AFD3DC500D30FF3 /* AccessibilityGenerator */ = {
			isa = PBXGroup;
			children = (
				BA75F1972AFD3E0E00D30FF3 /* AccessibilityGenerator.swift */,
			);
			path = AccessibilityGenerator;
			sourceTree = "<group>";
		};
		BA8A1D512AFA94F900DE7D09 = {
			isa = PBXGroup;
			children = (
				BA8A1DBA2AFBD27F00DE7D09 /* Config.xcconfig */,
				BA8A1D5C2AFA94F900DE7D09 /* Tube Status */,
				BA8A1D772AFAA47300DE7D09 /* App Tests */,
				BA8A1D5B2AFA94F900DE7D09 /* Products */,
			);
			sourceTree = "<group>";
		};
		BA8A1D5B2AFA94F900DE7D09 /* Products */ = {
			isa = PBXGroup;
			children = (
				BA8A1D5A2AFA94F900DE7D09 /* Tube Status.app */,
				BA8A1D762AFAA47300DE7D09 /* App Tests.xctest */,
			);
			name = Products;
			sourceTree = "<group>";
		};
		BA8A1D5C2AFA94F900DE7D09 /* Tube Status */ = {
			isa = PBXGroup;
			children = (
				BA8A1DDD2AFBFBE400DE7D09 /* Features */,
				BA8A1DC42AFBE13C00DE7D09 /* Shared */,
				BA8A1D802AFAA5C300DE7D09 /* Core */,
				BA8A1D712AFA968600DE7D09 /* Sources */,
			);
			path = "Tube Status";
			sourceTree = "<group>";
		};
		BA8A1D712AFA968600DE7D09 /* Sources */ = {
			isa = PBXGroup;
			children = (
				BA8A1D5D2AFA94F900DE7D09 /* AppDelegate.swift */,
				BA8A1D5F2AFA94F900DE7D09 /* SceneDelegate.swift */,
				BA8A1D662AFA94FC00DE7D09 /* Assets.xcassets */,
				BA8A1D682AFA94FC00DE7D09 /* LaunchScreen.storyboard */,
				BA8A1D6B2AFA94FC00DE7D09 /* Info.plist */,
				BA8A1DD32AFBF19F00DE7D09 /* main.swift */,
			);
			path = Sources;
			sourceTree = "<group>";
		};
		BA8A1D772AFAA47300DE7D09 /* App Tests */ = {
			isa = PBXGroup;
			children = (
				BA8A1DF02AFC287E00DE7D09 /* CoreTests */,
				BA8A1DF22AFC28DF00DE7D09 /* FeaturesTests */,
				BA8A1DED2AFC275300DE7D09 /* Mocks */,
				BA8A1DD82AFBF77500DE7D09 /* TestingDelegate */,
				BA8A1DF12AFC28A300DE7D09 /* SharedTests */,
			);
			path = "App Tests";
			sourceTree = "<group>";
		};
		BA8A1D802AFAA5C300DE7D09 /* Core */ = {
			isa = PBXGroup;
			children = (
				BA8A1DE52AFBFEC500DE7D09 /* Repositories */,
				BA8A1DB12AFBBD0500DE7D09 /* Utilities */,
				BA8A1D9D2AFBA90000DE7D09 /* Domain */,
				BA8A1D812AFAA5CC00DE7D09 /* Network */,
			);
			path = Core;
			sourceTree = "<group>";
		};
		BA8A1D812AFAA5CC00DE7D09 /* Network */ = {
			isa = PBXGroup;
			children = (
				BA8A1DAE2AFBBC6A00DE7D09 /* Client */,
				BA8A1D822AFAA5DC00DE7D09 /* Models */,
			);
			path = Network;
			sourceTree = "<group>";
		};
		BA8A1D822AFAA5DC00DE7D09 /* Models */ = {
			isa = PBXGroup;
			children = (
				BA8A1D8D2AFAACEA00DE7D09 /* RemoteLineModeStatus.swift */,
			);
			path = Models;
			sourceTree = "<group>";
		};
		BA8A1D852AFAA86000DE7D09 /* RemoteModelsTests */ = {
			isa = PBXGroup;
			children = (
				BA8A1D832AFAA71E00DE7D09 /* XCTestCase+Extension.swift */,
				BA8A1D8B2AFAA98700DE7D09 /* RemoteLineStatusTests.swift */,
			);
			path = RemoteModelsTests;
			sourceTree = "<group>";
		};
		BA8A1D862AFAA8C200DE7D09 /* JSON Objects */ = {
			isa = PBXGroup;
			children = (
				BA8A1D8F2AFAB13B00DE7D09 /* Crowding.json */,
				BA8A1D932AFAB38200DE7D09 /* ValidityPeriod.json */,
				BA8A1D952AFAB5E100DE7D09 /* ServiceType.json */,
				BA8A1D972AFAB73D00DE7D09 /* Disruption.json */,
				BA8A1D992AFAB8ED00DE7D09 /* LineStatus.json */,
				BA8A1D9B2AFABABC00DE7D09 /* LineModeStatusElement.json */,
				BA8A1DEB2AFC205C00DE7D09 /* RemoteLineModeStatus.json */,
			);
			path = "JSON Objects";
			sourceTree = "<group>";
		};
		BA8A1D9D2AFBA90000DE7D09 /* Domain */ = {
			isa = PBXGroup;
			children = (
				BA8A1D9E2AFBA96600DE7D09 /* Models */,
				BA8A1DA32AFBACCB00DE7D09 /* DomainMapper.swift */,
			);
			path = Domain;
			sourceTree = "<group>";
		};
		BA8A1D9E2AFBA96600DE7D09 /* Models */ = {
			isa = PBXGroup;
			children = (
				BA8A1D9F2AFBA9B600DE7D09 /* LineDetails.swift */,
				BA8A1DA12AFBAB3200DE7D09 /* LineStatusDetails.swift */,
			);
			path = Models;
			sourceTree = "<group>";
		};
		BA8A1DA52AFBAEA900DE7D09 /* DomainModelTests */ = {
			isa = PBXGroup;
			children = (
				BA8A1DA62AFBAED800DE7D09 /* DomainMapperTests.swift */,
			);
			path = DomainModelTests;
			sourceTree = "<group>";
		};
		BA8A1DAE2AFBBC6A00DE7D09 /* Client */ = {
			isa = PBXGroup;
			children = (
				BA8A1DAF2AFBBC9500DE7D09 /* TFLClient.swift */,
				BA8A1DB52AFBBF2C00DE7D09 /* Requests.swift */,
			);
			path = Client;
			sourceTree = "<group>";
		};
		BA8A1DB12AFBBD0500DE7D09 /* Utilities */ = {
			isa = PBXGroup;
			children = (
				BA8A1DF92AFD0AFA00DE7D09 /* TableViewCellReusable */,
				BA8A1DB22AFBBD1300DE7D09 /* Injection */,
				BA75F19B2AFE4F5D00D30FF3 /* LoadingState.swift */,
			);
			path = Utilities;
			sourceTree = "<group>";
		};
		BA8A1DB22AFBBD1300DE7D09 /* Injection */ = {
			isa = PBXGroup;
			children = (
				BA8A1DB32AFBBD3300DE7D09 /* InjectedValues+Extension.swift */,
			);
			path = Injection;
			sourceTree = "<group>";
		};
		BA8A1DC42AFBE13C00DE7D09 /* Shared */ = {
			isa = PBXGroup;
			children = (
				BA75F1962AFD3DC500D30FF3 /* AccessibilityGenerator */,
				BA8A1DFE2AFD17D400DE7D09 /* Design System */,
				BA8A1DC52AFBE14100DE7D09 /* Navigation */,
			);
			path = Shared;
			sourceTree = "<group>";
		};
		BA8A1DC52AFBE14100DE7D09 /* Navigation */ = {
			isa = PBXGroup;
			children = (
				BA8A1DC62AFBE17B00DE7D09 /* Coordinator.swift */,
				BA8A1DC82AFBE28F00DE7D09 /* AppCoordinator.swift */,
				BA8A1DCF2AFBE4C100DE7D09 /* TubeStatusFlowCoordinator.swift */,
			);
			path = Navigation;
			sourceTree = "<group>";
		};
		BA8A1DCA2AFBE2F500DE7D09 /* CoordinatorTests */ = {
			isa = PBXGroup;
			children = (
				BA8A1DCB2AFBE31200DE7D09 /* AppCordinatorTests.swift */,
				BA8A1DD12AFBE5BA00DE7D09 /* TubeStatusFlowCoordinatorTests.swift */,
			);
			path = CoordinatorTests;
			sourceTree = "<group>";
		};
		BA8A1DD82AFBF77500DE7D09 /* TestingDelegate */ = {
			isa = PBXGroup;
			children = (
				BA8A1DD52AFBF21800DE7D09 /* TestingAppDelegate.swift */,
				BA8A1DD92AFBF7AF00DE7D09 /* TestingSceneDelegate.swift */,
				BA8A1DDB2AFBF7E700DE7D09 /* TestingRootViewController.swift */,
			);
			path = TestingDelegate;
			sourceTree = "<group>";
		};
		BA8A1DDD2AFBFBE400DE7D09 /* Features */ = {
			isa = PBXGroup;
			children = (
				BA8A1DDE2AFBFBEF00DE7D09 /* Tube Status */,
			);
			path = Features;
			sourceTree = "<group>";
		};
		BA8A1DDE2AFBFBEF00DE7D09 /* Tube Status */ = {
			isa = PBXGroup;
			children = (
				BA8A1DE02AFBFC0300DE7D09 /* ViewModels */,
				BA8A1DDF2AFBFBFC00DE7D09 /* Views */,
			);
			path = "Tube Status";
			sourceTree = "<group>";
		};
		BA8A1DDF2AFBFBFC00DE7D09 /* Views */ = {
			isa = PBXGroup;
			children = (
				BA8A1DF52AFD071400DE7D09 /* TubeStatusTableViewCell.swift */,
				BA8A1DF62AFD071400DE7D09 /* TubeStatusTableViewCell.xib */,
				BA8A1DE12AFBFC3A00DE7D09 /* TubeStatusTableViewController.swift */,
			);
			path = Views;
			sourceTree = "<group>";
		};
		BA8A1DE02AFBFC0300DE7D09 /* ViewModels */ = {
			isa = PBXGroup;
			children = (
				BA8A1DE32AFBFC9C00DE7D09 /* TubeStatusViewModel.swift */,
			);
			path = ViewModels;
			sourceTree = "<group>";
		};
		BA8A1DE52AFBFEC500DE7D09 /* Repositories */ = {
			isa = PBXGroup;
			children = (
				BA8A1DE62AFBFEF500DE7D09 /* TubeStatusRepository.swift */,
			);
			path = Repositories;
			sourceTree = "<group>";
		};
		BA8A1DE82AFC1F9000DE7D09 /* RepositoryTests */ = {
			isa = PBXGroup;
			children = (
				BA8A1DE92AFC1FD600DE7D09 /* TubeStatusRepositoryTests.swift */,
			);
			path = RepositoryTests;
			sourceTree = "<group>";
		};
		BA8A1DED2AFC275300DE7D09 /* Mocks */ = {
			isa = PBXGroup;
			children = (
				BA8A1DEE2AFC276A00DE7D09 /* Mocks.swift */,
			);
			path = Mocks;
			sourceTree = "<group>";
		};
		BA8A1DF02AFC287E00DE7D09 /* CoreTests */ = {
			isa = PBXGroup;
			children = (
				BA8A1DE82AFC1F9000DE7D09 /* RepositoryTests */,
				BA8A1D862AFAA8C200DE7D09 /* JSON Objects */,
				BA8A1DA52AFBAEA900DE7D09 /* DomainModelTests */,
				BA8A1D852AFAA86000DE7D09 /* RemoteModelsTests */,
			);
			path = CoreTests;
			sourceTree = "<group>";
		};
		BA8A1DF12AFC28A300DE7D09 /* SharedTests */ = {
			isa = PBXGroup;
			children = (
				BA75F1932AFD2F6C00D30FF3 /* DesignSystemTests */,
				BA8A1DCA2AFBE2F500DE7D09 /* CoordinatorTests */,
				BA75F1992AFD3E2700D30FF3 /* AccessibilityGeneratorTests.swift */,
			);
			path = SharedTests;
			sourceTree = "<group>";
		};
		BA8A1DF22AFC28DF00DE7D09 /* FeaturesTests */ = {
			isa = PBXGroup;
			children = (
				BA8A1DF32AFC292B00DE7D09 /* TubeStatusViewModelTests.swift */,
			);
			path = FeaturesTests;
			sourceTree = "<group>";
		};
		BA8A1DF92AFD0AFA00DE7D09 /* TableViewCellReusable */ = {
			isa = PBXGroup;
			children = (
				BA8A1DFA2AFD0B2900DE7D09 /* ClassName.swift */,
				BA8A1DFC2AFD0B6700DE7D09 /* TableViewCellReuse.swift */,
			);
			path = TableViewCellReusable;
			sourceTree = "<group>";
		};
		BA8A1DFE2AFD17D400DE7D09 /* Design System */ = {
			isa = PBXGroup;
			children = (
				BA8A1DFF2AFD2D2100DE7D09 /* TubeLineColor.swift */,
			);
			path = "Design System";
			sourceTree = "<group>";
		};
/* End PBXGroup section */

/* Begin PBXNativeTarget section */
		BA8A1D592AFA94F900DE7D09 /* Tube Status */ = {
			isa = PBXNativeTarget;
			buildConfigurationList = BA8A1D6E2AFA94FC00DE7D09 /* Build configuration list for PBXNativeTarget "Tube Status" */;
			buildPhases = (
				BA8A1D562AFA94F900DE7D09 /* Sources */,
				BA8A1D572AFA94F900DE7D09 /* Frameworks */,
				BA8A1D582AFA94F900DE7D09 /* Resources */,
			);
			buildRules = (
			);
			dependencies = (
			);
			name = "Tube Status";
			packageProductDependencies = (
				BA8A1DA92AFBB65200DE7D09 /* Poppify */,
				BA8A1DAC2AFBB66400DE7D09 /* Injection */,
			);
			productName = "Tube Status";
			productReference = BA8A1D5A2AFA94F900DE7D09 /* Tube Status.app */;
			productType = "com.apple.product-type.application";
		};
		BA8A1D752AFAA47300DE7D09 /* App Tests */ = {
			isa = PBXNativeTarget;
			buildConfigurationList = BA8A1D7C2AFAA47300DE7D09 /* Build configuration list for PBXNativeTarget "App Tests" */;
			buildPhases = (
				BA8A1D722AFAA47300DE7D09 /* Sources */,
				BA8A1D732AFAA47300DE7D09 /* Frameworks */,
				BA8A1D742AFAA47300DE7D09 /* Resources */,
			);
			buildRules = (
			);
			dependencies = (
				BA8A1D7B2AFAA47300DE7D09 /* PBXTargetDependency */,
			);
			name = "App Tests";
			productName = "App Tests";
			productReference = BA8A1D762AFAA47300DE7D09 /* App Tests.xctest */;
			productType = "com.apple.product-type.bundle.unit-test";
		};
/* End PBXNativeTarget section */

/* Begin PBXProject section */
		BA8A1D522AFA94F900DE7D09 /* Project object */ = {
			isa = PBXProject;
			attributes = {
				BuildIndependentTargetsInParallel = 1;
				LastSwiftUpdateCheck = 1420;
				LastUpgradeCheck = 1420;
				TargetAttributes = {
					BA8A1D592AFA94F900DE7D09 = {
						CreatedOnToolsVersion = 14.2;
					};
					BA8A1D752AFAA47300DE7D09 = {
						CreatedOnToolsVersion = 14.2;
						TestTargetID = BA8A1D592AFA94F900DE7D09;
					};
				};
			};
			buildConfigurationList = BA8A1D552AFA94F900DE7D09 /* Build configuration list for PBXProject "Tube Status" */;
			compatibilityVersion = "Xcode 14.0";
			developmentRegion = en;
			hasScannedForEncodings = 0;
			knownRegions = (
				en,
				Base,
			);
			mainGroup = BA8A1D512AFA94F900DE7D09;
			packageReferences = (
				BA8A1DA82AFBB65200DE7D09 /* XCRemoteSwiftPackageReference "Poppify" */,
				BA8A1DAB2AFBB66400DE7D09 /* XCRemoteSwiftPackageReference "Injection" */,
			);
			productRefGroup = BA8A1D5B2AFA94F900DE7D09 /* Products */;
			projectDirPath = "";
			projectRoot = "";
			targets = (
				BA8A1D592AFA94F900DE7D09 /* Tube Status */,
				BA8A1D752AFAA47300DE7D09 /* App Tests */,
			);
		};
/* End PBXProject section */

/* Begin PBXResourcesBuildPhase section */
		BA8A1D582AFA94F900DE7D09 /* Resources */ = {
			isa = PBXResourcesBuildPhase;
			buildActionMask = 2147483647;
			files = (
				BA8A1D6A2AFA94FC00DE7D09 /* LaunchScreen.storyboard in Resources */,
				BA8A1DF82AFD071400DE7D09 /* TubeStatusTableViewCell.xib in Resources */,
				BA8A1D672AFA94FC00DE7D09 /* Assets.xcassets in Resources */,
			);
			runOnlyForDeploymentPostprocessing = 0;
		};
		BA8A1D742AFAA47300DE7D09 /* Resources */ = {
			isa = PBXResourcesBuildPhase;
			buildActionMask = 2147483647;
			files = (
				BA8A1D982AFAB73D00DE7D09 /* Disruption.json in Resources */,
				BA8A1D942AFAB38200DE7D09 /* ValidityPeriod.json in Resources */,
				BA8A1D9A2AFAB8ED00DE7D09 /* LineStatus.json in Resources */,
				BA8A1DEC2AFC205C00DE7D09 /* RemoteLineModeStatus.json in Resources */,
				BA8A1D962AFAB5E100DE7D09 /* ServiceType.json in Resources */,
				BA8A1D9C2AFABABC00DE7D09 /* LineModeStatusElement.json in Resources */,
				BA8A1D902AFAB13B00DE7D09 /* Crowding.json in Resources */,
			);
			runOnlyForDeploymentPostprocessing = 0;
		};
/* End PBXResourcesBuildPhase section */

/* Begin PBXSourcesBuildPhase section */
		BA8A1D562AFA94F900DE7D09 /* Sources */ = {
			isa = PBXSourcesBuildPhase;
			buildActionMask = 2147483647;
			files = (
				BA8A1DC92AFBE28F00DE7D09 /* AppCoordinator.swift in Sources */,
				BA8A1DFD2AFD0B6700DE7D09 /* TableViewCellReuse.swift in Sources */,
				BA8A1DD72AFBF5CF00DE7D09 /* main.swift in Sources */,
				BA8A1DB02AFBBC9500DE7D09 /* TFLClient.swift in Sources */,
				BA8A1DD02AFBE4C100DE7D09 /* TubeStatusFlowCoordinator.swift in Sources */,
				BA8A1E002AFD2D2100DE7D09 /* TubeLineColor.swift in Sources */,
				BA75F1982AFD3E0E00D30FF3 /* AccessibilityGenerator.swift in Sources */,
				BA8A1DE42AFBFC9C00DE7D09 /* TubeStatusViewModel.swift in Sources */,
				BA8A1DA42AFBACCB00DE7D09 /* DomainMapper.swift in Sources */,
				BA8A1DF72AFD071400DE7D09 /* TubeStatusTableViewCell.swift in Sources */,
				BA75F19C2AFE4F5D00D30FF3 /* LoadingState.swift in Sources */,
				BA8A1DC72AFBE17B00DE7D09 /* Coordinator.swift in Sources */,
				BA8A1D5E2AFA94F900DE7D09 /* AppDelegate.swift in Sources */,
				BA8A1DE22AFBFC3A00DE7D09 /* TubeStatusTableViewController.swift in Sources */,
				BA8A1DE72AFBFEF500DE7D09 /* TubeStatusRepository.swift in Sources */,
				BA8A1DB62AFBBF2C00DE7D09 /* Requests.swift in Sources */,
				BA8A1D8E2AFAACEA00DE7D09 /* RemoteLineModeStatus.swift in Sources */,
				BA8A1DA02AFBA9B600DE7D09 /* LineDetails.swift in Sources */,
				BA8A1D602AFA94F900DE7D09 /* SceneDelegate.swift in Sources */,
				BA8A1DA22AFBAB3200DE7D09 /* LineStatusDetails.swift in Sources */,
				BA8A1DB42AFBBD3300DE7D09 /* InjectedValues+Extension.swift in Sources */,
				BA8A1DFB2AFD0B2900DE7D09 /* ClassName.swift in Sources */,
			);
			runOnlyForDeploymentPostprocessing = 0;
		};
		BA8A1D722AFAA47300DE7D09 /* Sources */ = {
			isa = PBXSourcesBuildPhase;
			buildActionMask = 2147483647;
			files = (
				BA8A1DCC2AFBE31200DE7D09 /* AppCordinatorTests.swift in Sources */,
				BA75F19A2AFD3E2700D30FF3 /* AccessibilityGeneratorTests.swift in Sources */,
				BA8A1D8C2AFAA98700DE7D09 /* RemoteLineStatusTests.swift in Sources */,
				BA8A1DD22AFBE5BA00DE7D09 /* TubeStatusFlowCoordinatorTests.swift in Sources */,
				BA8A1DDC2AFBF7E700DE7D09 /* TestingRootViewController.swift in Sources */,
				BA8A1DD62AFBF21800DE7D09 /* TestingAppDelegate.swift in Sources */,
				BA75F1952AFD2F8700D30FF3 /* TubeLineColorTests.swift in Sources */,
				BA8A1DF42AFC292B00DE7D09 /* TubeStatusViewModelTests.swift in Sources */,
				BA8A1DA72AFBAED800DE7D09 /* DomainMapperTests.swift in Sources */,
				BA8A1DEF2AFC276A00DE7D09 /* Mocks.swift in Sources */,
				BA8A1D842AFAA71E00DE7D09 /* XCTestCase+Extension.swift in Sources */,
				BA8A1DEA2AFC1FD600DE7D09 /* TubeStatusRepositoryTests.swift in Sources */,
				BA8A1DDA2AFBF7AF00DE7D09 /* TestingSceneDelegate.swift in Sources */,
			);
			runOnlyForDeploymentPostprocessing = 0;
		};
/* End PBXSourcesBuildPhase section */

/* Begin PBXTargetDependency section */
		BA8A1D7B2AFAA47300DE7D09 /* PBXTargetDependency */ = {
			isa = PBXTargetDependency;
			target = BA8A1D592AFA94F900DE7D09 /* Tube Status */;
			targetProxy = BA8A1D7A2AFAA47300DE7D09 /* PBXContainerItemProxy */;
		};
/* End PBXTargetDependency section */

/* Begin PBXVariantGroup section */
		BA8A1D682AFA94FC00DE7D09 /* LaunchScreen.storyboard */ = {
			isa = PBXVariantGroup;
			children = (
				BA8A1D692AFA94FC00DE7D09 /* Base */,
			);
			name = LaunchScreen.storyboard;
			sourceTree = "<group>";
		};
/* End PBXVariantGroup section */

/* Begin XCBuildConfiguration section */
		BA8A1D6C2AFA94FC00DE7D09 /* Debug */ = {
			isa = XCBuildConfiguration;
			baseConfigurationReference = BA8A1DBA2AFBD27F00DE7D09 /* Config.xcconfig */;
			buildSettings = {
				ALWAYS_SEARCH_USER_PATHS = NO;
				CLANG_ANALYZER_NONNULL = YES;
				CLANG_ANALYZER_NUMBER_OBJECT_CONVERSION = YES_AGGRESSIVE;
				CLANG_CXX_LANGUAGE_STANDARD = "gnu++20";
				CLANG_ENABLE_MODULES = YES;
				CLANG_ENABLE_OBJC_ARC = YES;
				CLANG_ENABLE_OBJC_WEAK = YES;
				CLANG_WARN_BLOCK_CAPTURE_AUTORELEASING = YES;
				CLANG_WARN_BOOL_CONVERSION = YES;
				CLANG_WARN_COMMA = YES;
				CLANG_WARN_CONSTANT_CONVERSION = YES;
				CLANG_WARN_DEPRECATED_OBJC_IMPLEMENTATIONS = YES;
				CLANG_WARN_DIRECT_OBJC_ISA_USAGE = YES_ERROR;
				CLANG_WARN_DOCUMENTATION_COMMENTS = YES;
				CLANG_WARN_EMPTY_BODY = YES;
				CLANG_WARN_ENUM_CONVERSION = YES;
				CLANG_WARN_INFINITE_RECURSION = YES;
				CLANG_WARN_INT_CONVERSION = YES;
				CLANG_WARN_NON_LITERAL_NULL_CONVERSION = YES;
				CLANG_WARN_OBJC_IMPLICIT_RETAIN_SELF = YES;
				CLANG_WARN_OBJC_LITERAL_CONVERSION = YES;
				CLANG_WARN_OBJC_ROOT_CLASS = YES_ERROR;
				CLANG_WARN_QUOTED_INCLUDE_IN_FRAMEWORK_HEADER = YES;
				CLANG_WARN_RANGE_LOOP_ANALYSIS = YES;
				CLANG_WARN_STRICT_PROTOTYPES = YES;
				CLANG_WARN_SUSPICIOUS_MOVE = YES;
				CLANG_WARN_UNGUARDED_AVAILABILITY = YES_AGGRESSIVE;
				CLANG_WARN_UNREACHABLE_CODE = YES;
				CLANG_WARN__DUPLICATE_METHOD_MATCH = YES;
				COPY_PHASE_STRIP = NO;
				DEBUG_INFORMATION_FORMAT = dwarf;
				ENABLE_STRICT_OBJC_MSGSEND = YES;
				ENABLE_TESTABILITY = YES;
				GCC_C_LANGUAGE_STANDARD = gnu11;
				GCC_DYNAMIC_NO_PIC = NO;
				GCC_NO_COMMON_BLOCKS = YES;
				GCC_OPTIMIZATION_LEVEL = 0;
				GCC_PREPROCESSOR_DEFINITIONS = (
					"DEBUG=1",
					"$(inherited)",
				);
				GCC_WARN_64_TO_32_BIT_CONVERSION = YES;
				GCC_WARN_ABOUT_RETURN_TYPE = YES_ERROR;
				GCC_WARN_UNDECLARED_SELECTOR = YES;
				GCC_WARN_UNINITIALIZED_AUTOS = YES_AGGRESSIVE;
				GCC_WARN_UNUSED_FUNCTION = YES;
				GCC_WARN_UNUSED_VARIABLE = YES;
				IPHONEOS_DEPLOYMENT_TARGET = 15.0;
				MTL_ENABLE_DEBUG_INFO = INCLUDE_SOURCE;
				MTL_FAST_MATH = YES;
				ONLY_ACTIVE_ARCH = YES;
				SDKROOT = iphoneos;
				SWIFT_ACTIVE_COMPILATION_CONDITIONS = DEBUG;
				SWIFT_OPTIMIZATION_LEVEL = "-Onone";
			};
			name = Debug;
		};
		BA8A1D6D2AFA94FC00DE7D09 /* Release */ = {
			isa = XCBuildConfiguration;
			baseConfigurationReference = BA8A1DBA2AFBD27F00DE7D09 /* Config.xcconfig */;
			buildSettings = {
				ALWAYS_SEARCH_USER_PATHS = NO;
				CLANG_ANALYZER_NONNULL = YES;
				CLANG_ANALYZER_NUMBER_OBJECT_CONVERSION = YES_AGGRESSIVE;
				CLANG_CXX_LANGUAGE_STANDARD = "gnu++20";
				CLANG_ENABLE_MODULES = YES;
				CLANG_ENABLE_OBJC_ARC = YES;
				CLANG_ENABLE_OBJC_WEAK = YES;
				CLANG_WARN_BLOCK_CAPTURE_AUTORELEASING = YES;
				CLANG_WARN_BOOL_CONVERSION = YES;
				CLANG_WARN_COMMA = YES;
				CLANG_WARN_CONSTANT_CONVERSION = YES;
				CLANG_WARN_DEPRECATED_OBJC_IMPLEMENTATIONS = YES;
				CLANG_WARN_DIRECT_OBJC_ISA_USAGE = YES_ERROR;
				CLANG_WARN_DOCUMENTATION_COMMENTS = YES;
				CLANG_WARN_EMPTY_BODY = YES;
				CLANG_WARN_ENUM_CONVERSION = YES;
				CLANG_WARN_INFINITE_RECURSION = YES;
				CLANG_WARN_INT_CONVERSION = YES;
				CLANG_WARN_NON_LITERAL_NULL_CONVERSION = YES;
				CLANG_WARN_OBJC_IMPLICIT_RETAIN_SELF = YES;
				CLANG_WARN_OBJC_LITERAL_CONVERSION = YES;
				CLANG_WARN_OBJC_ROOT_CLASS = YES_ERROR;
				CLANG_WARN_QUOTED_INCLUDE_IN_FRAMEWORK_HEADER = YES;
				CLANG_WARN_RANGE_LOOP_ANALYSIS = YES;
				CLANG_WARN_STRICT_PROTOTYPES = YES;
				CLANG_WARN_SUSPICIOUS_MOVE = YES;
				CLANG_WARN_UNGUARDED_AVAILABILITY = YES_AGGRESSIVE;
				CLANG_WARN_UNREACHABLE_CODE = YES;
				CLANG_WARN__DUPLICATE_METHOD_MATCH = YES;
				COPY_PHASE_STRIP = NO;
				DEBUG_INFORMATION_FORMAT = "dwarf-with-dsym";
				ENABLE_NS_ASSERTIONS = NO;
				ENABLE_STRICT_OBJC_MSGSEND = YES;
				GCC_C_LANGUAGE_STANDARD = gnu11;
				GCC_NO_COMMON_BLOCKS = YES;
				GCC_WARN_64_TO_32_BIT_CONVERSION = YES;
				GCC_WARN_ABOUT_RETURN_TYPE = YES_ERROR;
				GCC_WARN_UNDECLARED_SELECTOR = YES;
				GCC_WARN_UNINITIALIZED_AUTOS = YES_AGGRESSIVE;
				GCC_WARN_UNUSED_FUNCTION = YES;
				GCC_WARN_UNUSED_VARIABLE = YES;
				IPHONEOS_DEPLOYMENT_TARGET = 15.0;
				MTL_ENABLE_DEBUG_INFO = NO;
				MTL_FAST_MATH = YES;
				SDKROOT = iphoneos;
				SWIFT_COMPILATION_MODE = wholemodule;
				SWIFT_OPTIMIZATION_LEVEL = "-O";
				VALIDATE_PRODUCT = YES;
			};
			name = Release;
		};
		BA8A1D6F2AFA94FC00DE7D09 /* Debug */ = {
			isa = XCBuildConfiguration;
			baseConfigurationReference = BA8A1DBA2AFBD27F00DE7D09 /* Config.xcconfig */;
			buildSettings = {
				ASSETCATALOG_COMPILER_APPICON_NAME = AppIcon;
				ASSETCATALOG_COMPILER_GLOBAL_ACCENT_COLOR_NAME = AccentColor;
				CODE_SIGN_STYLE = Automatic;
				CURRENT_PROJECT_VERSION = 1;
				GENERATE_INFOPLIST_FILE = YES;
				INFOPLIST_FILE = "Tube Status/Sources/Info.plist";
				INFOPLIST_KEY_UIApplicationSupportsIndirectInputEvents = YES;
				INFOPLIST_KEY_UILaunchStoryboardName = LaunchScreen.storyboard;
				INFOPLIST_KEY_UISupportedInterfaceOrientations_iPad = "UIInterfaceOrientationPortrait UIInterfaceOrientationPortraitUpsideDown UIInterfaceOrientationLandscapeLeft UIInterfaceOrientationLandscapeRight";
				INFOPLIST_KEY_UISupportedInterfaceOrientations_iPhone = "UIInterfaceOrientationPortrait UIInterfaceOrientationLandscapeLeft UIInterfaceOrientationLandscapeRight";
				IPHONEOS_DEPLOYMENT_TARGET = 15.0;
				LD_RUNPATH_SEARCH_PATHS = (
					"$(inherited)",
					"@executable_path/Frameworks",
				);
				MARKETING_VERSION = 1.0;
				PRODUCT_BUNDLE_IDENTIFIER = "com.tech-test.Tube-Status";
				PRODUCT_NAME = "$(TARGET_NAME)";
				SUPPORTED_PLATFORMS = "iphoneos iphonesimulator";
				SUPPORTS_MACCATALYST = NO;
				SUPPORTS_MAC_DESIGNED_FOR_IPHONE_IPAD = NO;
				SWIFT_EMIT_LOC_STRINGS = YES;
				SWIFT_VERSION = 5.0;
				TARGETED_DEVICE_FAMILY = "1,2";
			};
			name = Debug;
		};
		BA8A1D702AFA94FC00DE7D09 /* Release */ = {
			isa = XCBuildConfiguration;
			buildSettings = {
				ASSETCATALOG_COMPILER_APPICON_NAME = AppIcon;
				ASSETCATALOG_COMPILER_GLOBAL_ACCENT_COLOR_NAME = AccentColor;
				CODE_SIGN_STYLE = Automatic;
				CURRENT_PROJECT_VERSION = 1;
				GENERATE_INFOPLIST_FILE = YES;
				INFOPLIST_FILE = "Tube Status/Sources/Info.plist";
				INFOPLIST_KEY_UIApplicationSupportsIndirectInputEvents = YES;
				INFOPLIST_KEY_UILaunchStoryboardName = LaunchScreen.storyboard;
				INFOPLIST_KEY_UISupportedInterfaceOrientations_iPad = "UIInterfaceOrientationPortrait UIInterfaceOrientationPortraitUpsideDown UIInterfaceOrientationLandscapeLeft UIInterfaceOrientationLandscapeRight";
				INFOPLIST_KEY_UISupportedInterfaceOrientations_iPhone = "UIInterfaceOrientationPortrait UIInterfaceOrientationLandscapeLeft UIInterfaceOrientationLandscapeRight";
				IPHONEOS_DEPLOYMENT_TARGET = 15.0;
				LD_RUNPATH_SEARCH_PATHS = (
					"$(inherited)",
					"@executable_path/Frameworks",
				);
				MARKETING_VERSION = 1.0;
				PRODUCT_BUNDLE_IDENTIFIER = "com.tech-test.Tube-Status";
				PRODUCT_NAME = "$(TARGET_NAME)";
				SUPPORTED_PLATFORMS = "iphoneos iphonesimulator";
				SUPPORTS_MACCATALYST = NO;
				SUPPORTS_MAC_DESIGNED_FOR_IPHONE_IPAD = NO;
				SWIFT_EMIT_LOC_STRINGS = YES;
				SWIFT_VERSION = 5.0;
				TARGETED_DEVICE_FAMILY = "1,2";
			};
			name = Release;
		};
		BA8A1D7D2AFAA47300DE7D09 /* Debug */ = {
			isa = XCBuildConfiguration;
			buildSettings = {
				BUNDLE_LOADER = "$(TEST_HOST)";
				CODE_SIGN_STYLE = Automatic;
				CURRENT_PROJECT_VERSION = 1;
				GENERATE_INFOPLIST_FILE = YES;
				IPHONEOS_DEPLOYMENT_TARGET = 15.0;
				MACOSX_DEPLOYMENT_TARGET = 13.1;
				MARKETING_VERSION = 1.0;
				PRODUCT_BUNDLE_IDENTIFIER = "com.tech-test.App-Tests";
				PRODUCT_NAME = "$(TARGET_NAME)";
				SDKROOT = auto;
				SUPPORTED_PLATFORMS = "iphoneos iphonesimulator macosx";
				SWIFT_EMIT_LOC_STRINGS = NO;
				SWIFT_VERSION = 5.0;
				TARGETED_DEVICE_FAMILY = "1,2";
				TEST_HOST = "$(BUILT_PRODUCTS_DIR)/Tube Status.app/$(BUNDLE_EXECUTABLE_FOLDER_PATH)/Tube Status";
			};
			name = Debug;
		};
		BA8A1D7E2AFAA47300DE7D09 /* Release */ = {
			isa = XCBuildConfiguration;
			buildSettings = {
				BUNDLE_LOADER = "$(TEST_HOST)";
				CODE_SIGN_STYLE = Automatic;
				CURRENT_PROJECT_VERSION = 1;
				GENERATE_INFOPLIST_FILE = YES;
				IPHONEOS_DEPLOYMENT_TARGET = 15.0;
				MACOSX_DEPLOYMENT_TARGET = 13.1;
				MARKETING_VERSION = 1.0;
				PRODUCT_BUNDLE_IDENTIFIER = "com.tech-test.App-Tests";
				PRODUCT_NAME = "$(TARGET_NAME)";
				SDKROOT = auto;
				SUPPORTED_PLATFORMS = "iphoneos iphonesimulator macosx";
				SWIFT_EMIT_LOC_STRINGS = NO;
				SWIFT_VERSION = 5.0;
				TARGETED_DEVICE_FAMILY = "1,2";
				TEST_HOST = "$(BUILT_PRODUCTS_DIR)/Tube Status.app/$(BUNDLE_EXECUTABLE_FOLDER_PATH)/Tube Status";
			};
			name = Release;
		};
/* End XCBuildConfiguration section */

/* Begin XCConfigurationList section */
		BA8A1D552AFA94F900DE7D09 /* Build configuration list for PBXProject "Tube Status" */ = {
			isa = XCConfigurationList;
			buildConfigurations = (
				BA8A1D6C2AFA94FC00DE7D09 /* Debug */,
				BA8A1D6D2AFA94FC00DE7D09 /* Release */,
			);
			defaultConfigurationIsVisible = 0;
			defaultConfigurationName = Release;
		};
		BA8A1D6E2AFA94FC00DE7D09 /* Build configuration list for PBXNativeTarget "Tube Status" */ = {
			isa = XCConfigurationList;
			buildConfigurations = (
				BA8A1D6F2AFA94FC00DE7D09 /* Debug */,
				BA8A1D702AFA94FC00DE7D09 /* Release */,
			);
			defaultConfigurationIsVisible = 0;
			defaultConfigurationName = Release;
		};
		BA8A1D7C2AFAA47300DE7D09 /* Build configuration list for PBXNativeTarget "App Tests" */ = {
			isa = XCConfigurationList;
			buildConfigurations = (
				BA8A1D7D2AFAA47300DE7D09 /* Debug */,
				BA8A1D7E2AFAA47300DE7D09 /* Release */,
			);
			defaultConfigurationIsVisible = 0;
			defaultConfigurationName = Release;
		};
/* End XCConfigurationList section */

/* Begin XCRemoteSwiftPackageReference section */
		BA8A1DA82AFBB65200DE7D09 /* XCRemoteSwiftPackageReference "Poppify" */ = {
			isa = XCRemoteSwiftPackageReference;
			repositoryURL = "https://github.com/OccamsCode/Poppify";
			requirement = {
				kind = upToNextMajorVersion;
				minimumVersion = 1.0.0;
			};
		};
		BA8A1DAB2AFBB66400DE7D09 /* XCRemoteSwiftPackageReference "Injection" */ = {
			isa = XCRemoteSwiftPackageReference;
			repositoryURL = "https://github.com/OccamsCode/Injection";
			requirement = {
				kind = upToNextMajorVersion;
				minimumVersion = 0.1.0;
			};
		};
/* End XCRemoteSwiftPackageReference section */

/* Begin XCSwiftPackageProductDependency section */
		BA8A1DA92AFBB65200DE7D09 /* Poppify */ = {
			isa = XCSwiftPackageProductDependency;
			package = BA8A1DA82AFBB65200DE7D09 /* XCRemoteSwiftPackageReference "Poppify" */;
			productName = Poppify;
		};
		BA8A1DAC2AFBB66400DE7D09 /* Injection */ = {
			isa = XCSwiftPackageProductDependency;
			package = BA8A1DAB2AFBB66400DE7D09 /* XCRemoteSwiftPackageReference "Injection" */;
			productName = Injection;
		};
/* End XCSwiftPackageProductDependency section */
	};
	rootObject = BA8A1D522AFA94F900DE7D09 /* Project object */;
}
