// !$*UTF8*$!
{
	archiveVersion = 1;
	classes = {
	};
	objectVersion = 56;
	objects = {

/* Begin PBXBuildFile section */
		BA8A1D5E2AFA94F900DE7D09 /* AppDelegate.swift in Sources */ = {isa = PBXBuildFile; fileRef = BA8A1D5D2AFA94F900DE7D09 /* AppDelegate.swift */; };
		BA8A1D602AFA94F900DE7D09 /* SceneDelegate.swift in Sources */ = {isa = PBXBuildFile; fileRef = BA8A1D5F2AFA94F900DE7D09 /* SceneDelegate.swift */; };
		BA8A1D672AFA94FC00DE7D09 /* Assets.xcassets in Resources */ = {isa = PBXBuildFile; fileRef = BA8A1D662AFA94FC00DE7D09 /* Assets.xcassets */; };
		BA8A1D6A2AFA94FC00DE7D09 /* LaunchScreen.storyboard in Resources */ = {isa = PBXBuildFile; fileRef = BA8A1D682AFA94FC00DE7D09 /* LaunchScreen.storyboard */; };
		BA8A1D842AFAA71E00DE7D09 /* XCTestCase+Extension.swift in Sources */ = {isa = PBXBuildFile; fileRef = BA8A1D832AFAA71E00DE7D09 /* XCTestCase+Extension.swift */; };
		BA8A1D8C2AFAA98700DE7D09 /* RemoteLineStatusTests.swift in Sources */ = {isa = PBXBuildFile; fileRef = BA8A1D8B2AFAA98700DE7D09 /* RemoteLineStatusTests.swift */; };
		BA8A1D8E2AFAACEA00DE7D09 /* RemoteLineModeStatus.swift in Sources */ = {isa = PBXBuildFile; fileRef = BA8A1D8D2AFAACEA00DE7D09 /* RemoteLineModeStatus.swift */; };
		BA8A1D902AFAB13B00DE7D09 /* Crowding.json in Resources */ = {isa = PBXBuildFile; fileRef = BA8A1D8F2AFAB13B00DE7D09 /* Crowding.json */; };
		BA8A1D942AFAB38200DE7D09 /* ValidityPeriod.json in Resources */ = {isa = PBXBuildFile; fileRef = BA8A1D932AFAB38200DE7D09 /* ValidityPeriod.json */; };
		BA8A1D962AFAB5E100DE7D09 /* ServiceType.json in Resources */ = {isa = PBXBuildFile; fileRef = BA8A1D952AFAB5E100DE7D09 /* ServiceType.json */; };
		BA8A1D982AFAB73D00DE7D09 /* Disruption.json in Resources */ = {isa = PBXBuildFile; fileRef = BA8A1D972AFAB73D00DE7D09 /* Disruption.json */; };
		BA8A1D9A2AFAB8ED00DE7D09 /* LineStatus.json in Resources */ = {isa = PBXBuildFile; fileRef = BA8A1D992AFAB8ED00DE7D09 /* LineStatus.json */; };
/* End PBXBuildFile section */

/* Begin PBXContainerItemProxy section */
		BA8A1D7A2AFAA47300DE7D09 /* PBXContainerItemProxy */ = {
			isa = PBXContainerItemProxy;
			containerPortal = BA8A1D522AFA94F900DE7D09 /* Project object */;
			proxyType = 1;
			remoteGlobalIDString = BA8A1D592AFA94F900DE7D09;
			remoteInfo = "Tube Status";
		};
/* End PBXContainerItemProxy section */

/* Begin PBXFileReference section */
		BA8A1D5A2AFA94F900DE7D09 /* Tube Status.app */ = {isa = PBXFileReference; explicitFileType = wrapper.application; includeInIndex = 0; path = "Tube Status.app"; sourceTree = BUILT_PRODUCTS_DIR; };
		BA8A1D5D2AFA94F900DE7D09 /* AppDelegate.swift */ = {isa = PBXFileReference; lastKnownFileType = sourcecode.swift; path = AppDelegate.swift; sourceTree = "<group>"; };
		BA8A1D5F2AFA94F900DE7D09 /* SceneDelegate.swift */ = {isa = PBXFileReference; lastKnownFileType = sourcecode.swift; path = SceneDelegate.swift; sourceTree = "<group>"; };
		BA8A1D662AFA94FC00DE7D09 /* Assets.xcassets */ = {isa = PBXFileReference; lastKnownFileType = folder.assetcatalog; path = Assets.xcassets; sourceTree = "<group>"; };
		BA8A1D692AFA94FC00DE7D09 /* Base */ = {isa = PBXFileReference; lastKnownFileType = file.storyboard; name = Base; path = Base.lproj/LaunchScreen.storyboard; sourceTree = "<group>"; };
		BA8A1D6B2AFA94FC00DE7D09 /* Info.plist */ = {isa = PBXFileReference; lastKnownFileType = text.plist.xml; path = Info.plist; sourceTree = "<group>"; };
		BA8A1D762AFAA47300DE7D09 /* App Tests.xctest */ = {isa = PBXFileReference; explicitFileType = wrapper.cfbundle; includeInIndex = 0; path = "App Tests.xctest"; sourceTree = BUILT_PRODUCTS_DIR; };
		BA8A1D832AFAA71E00DE7D09 /* XCTestCase+Extension.swift */ = {isa = PBXFileReference; lastKnownFileType = sourcecode.swift; path = "XCTestCase+Extension.swift"; sourceTree = "<group>"; };
		BA8A1D8B2AFAA98700DE7D09 /* RemoteLineStatusTests.swift */ = {isa = PBXFileReference; lastKnownFileType = sourcecode.swift; path = RemoteLineStatusTests.swift; sourceTree = "<group>"; };
		BA8A1D8D2AFAACEA00DE7D09 /* RemoteLineModeStatus.swift */ = {isa = PBXFileReference; lastKnownFileType = sourcecode.swift; path = RemoteLineModeStatus.swift; sourceTree = "<group>"; };
		BA8A1D8F2AFAB13B00DE7D09 /* Crowding.json */ = {isa = PBXFileReference; lastKnownFileType = text.json; path = Crowding.json; sourceTree = "<group>"; };
		BA8A1D932AFAB38200DE7D09 /* ValidityPeriod.json */ = {isa = PBXFileReference; lastKnownFileType = text.json; path = ValidityPeriod.json; sourceTree = "<group>"; };
		BA8A1D952AFAB5E100DE7D09 /* ServiceType.json */ = {isa = PBXFileReference; lastKnownFileType = text.json; path = ServiceType.json; sourceTree = "<group>"; };
		BA8A1D972AFAB73D00DE7D09 /* Disruption.json */ = {isa = PBXFileReference; lastKnownFileType = text.json; path = Disruption.json; sourceTree = "<group>"; };
		BA8A1D992AFAB8ED00DE7D09 /* LineStatus.json */ = {isa = PBXFileReference; lastKnownFileType = text.json; path = LineStatus.json; sourceTree = "<group>"; };
/* End PBXFileReference section */

/* Begin PBXFrameworksBuildPhase section */
		BA8A1D572AFA94F900DE7D09 /* Frameworks */ = {
			isa = PBXFrameworksBuildPhase;
			buildActionMask = 2147483647;
			files = (
			);
			runOnlyForDeploymentPostprocessing = 0;
		};
		BA8A1D732AFAA47300DE7D09 /* Frameworks */ = {
			isa = PBXFrameworksBuildPhase;
			buildActionMask = 2147483647;
			files = (
			);
			runOnlyForDeploymentPostprocessing = 0;
		};
/* End PBXFrameworksBuildPhase section */

/* Begin PBXGroup section */
		BA8A1D512AFA94F900DE7D09 = {
			isa = PBXGroup;
			children = (
				BA8A1D5C2AFA94F900DE7D09 /* Tube Status */,
				BA8A1D772AFAA47300DE7D09 /* App Tests */,
				BA8A1D5B2AFA94F900DE7D09 /* Products */,
			);
			sourceTree = "<group>";
		};
		BA8A1D5B2AFA94F900DE7D09 /* Products */ = {
			isa = PBXGroup;
			children = (
				BA8A1D5A2AFA94F900DE7D09 /* Tube Status.app */,
				BA8A1D762AFAA47300DE7D09 /* App Tests.xctest */,
			);
			name = Products;
			sourceTree = "<group>";
		};
		BA8A1D5C2AFA94F900DE7D09 /* Tube Status */ = {
			isa = PBXGroup;
			children = (
				BA8A1D802AFAA5C300DE7D09 /* Core */,
				BA8A1D712AFA968600DE7D09 /* Sources */,
			);
			path = "Tube Status";
			sourceTree = "<group>";
		};
		BA8A1D712AFA968600DE7D09 /* Sources */ = {
			isa = PBXGroup;
			children = (
				BA8A1D5D2AFA94F900DE7D09 /* AppDelegate.swift */,
				BA8A1D5F2AFA94F900DE7D09 /* SceneDelegate.swift */,
				BA8A1D662AFA94FC00DE7D09 /* Assets.xcassets */,
				BA8A1D682AFA94FC00DE7D09 /* LaunchScreen.storyboard */,
				BA8A1D6B2AFA94FC00DE7D09 /* Info.plist */,
			);
			path = Sources;
			sourceTree = "<group>";
		};
		BA8A1D772AFAA47300DE7D09 /* App Tests */ = {
			isa = PBXGroup;
			children = (
				BA8A1D862AFAA8C200DE7D09 /* JSON Objects */,
				BA8A1D852AFAA86000DE7D09 /* RemoteModelsTests */,
				BA8A1D832AFAA71E00DE7D09 /* XCTestCase+Extension.swift */,
			);
			path = "App Tests";
			sourceTree = "<group>";
		};
		BA8A1D802AFAA5C300DE7D09 /* Core */ = {
			isa = PBXGroup;
			children = (
				BA8A1D812AFAA5CC00DE7D09 /* Network */,
			);
			path = Core;
			sourceTree = "<group>";
		};
		BA8A1D812AFAA5CC00DE7D09 /* Network */ = {
			isa = PBXGroup;
			children = (
				BA8A1D822AFAA5DC00DE7D09 /* Models */,
			);
			path = Network;
			sourceTree = "<group>";
		};
		BA8A1D822AFAA5DC00DE7D09 /* Models */ = {
			isa = PBXGroup;
			children = (
				BA8A1D8D2AFAACEA00DE7D09 /* RemoteLineModeStatus.swift */,
			);
			path = Models;
			sourceTree = "<group>";
		};
		BA8A1D852AFAA86000DE7D09 /* RemoteModelsTests */ = {
			isa = PBXGroup;
			children = (
				BA8A1D8B2AFAA98700DE7D09 /* RemoteLineStatusTests.swift */,
			);
			path = RemoteModelsTests;
			sourceTree = "<group>";
		};
		BA8A1D862AFAA8C200DE7D09 /* JSON Objects */ = {
			isa = PBXGroup;
			children = (
				BA8A1D8F2AFAB13B00DE7D09 /* Crowding.json */,
				BA8A1D932AFAB38200DE7D09 /* ValidityPeriod.json */,
				BA8A1D952AFAB5E100DE7D09 /* ServiceType.json */,
				BA8A1D972AFAB73D00DE7D09 /* Disruption.json */,
				BA8A1D992AFAB8ED00DE7D09 /* LineStatus.json */,
			);
			path = "JSON Objects";
			sourceTree = "<group>";
		};
/* End PBXGroup section */

/* Begin PBXNativeTarget section */
		BA8A1D592AFA94F900DE7D09 /* Tube Status */ = {
			isa = PBXNativeTarget;
			buildConfigurationList = BA8A1D6E2AFA94FC00DE7D09 /* Build configuration list for PBXNativeTarget "Tube Status" */;
			buildPhases = (
				BA8A1D562AFA94F900DE7D09 /* Sources */,
				BA8A1D572AFA94F900DE7D09 /* Frameworks */,
				BA8A1D582AFA94F900DE7D09 /* Resources */,
			);
			buildRules = (
			);
			dependencies = (
			);
			name = "Tube Status";
			productName = "Tube Status";
			productReference = BA8A1D5A2AFA94F900DE7D09 /* Tube Status.app */;
			productType = "com.apple.product-type.application";
		};
		BA8A1D752AFAA47300DE7D09 /* App Tests */ = {
			isa = PBXNativeTarget;
			buildConfigurationList = BA8A1D7C2AFAA47300DE7D09 /* Build configuration list for PBXNativeTarget "App Tests" */;
			buildPhases = (
				BA8A1D722AFAA47300DE7D09 /* Sources */,
				BA8A1D732AFAA47300DE7D09 /* Frameworks */,
				BA8A1D742AFAA47300DE7D09 /* Resources */,
			);
			buildRules = (
			);
			dependencies = (
				BA8A1D7B2AFAA47300DE7D09 /* PBXTargetDependency */,
			);
			name = "App Tests";
			productName = "App Tests";
			productReference = BA8A1D762AFAA47300DE7D09 /* App Tests.xctest */;
			productType = "com.apple.product-type.bundle.unit-test";
		};
/* End PBXNativeTarget section */

/* Begin PBXProject section */
		BA8A1D522AFA94F900DE7D09 /* Project object */ = {
			isa = PBXProject;
			attributes = {
				BuildIndependentTargetsInParallel = 1;
				LastSwiftUpdateCheck = 1420;
				LastUpgradeCheck = 1420;
				TargetAttributes = {
					BA8A1D592AFA94F900DE7D09 = {
						CreatedOnToolsVersion = 14.2;
					};
					BA8A1D752AFAA47300DE7D09 = {
						CreatedOnToolsVersion = 14.2;
						TestTargetID = BA8A1D592AFA94F900DE7D09;
					};
				};
			};
			buildConfigurationList = BA8A1D552AFA94F900DE7D09 /* Build configuration list for PBXProject "Tube Status" */;
			compatibilityVersion = "Xcode 14.0";
			developmentRegion = en;
			hasScannedForEncodings = 0;
			knownRegions = (
				en,
				Base,
			);
			mainGroup = BA8A1D512AFA94F900DE7D09;
			productRefGroup = BA8A1D5B2AFA94F900DE7D09 /* Products */;
			projectDirPath = "";
			projectRoot = "";
			targets = (
				BA8A1D592AFA94F900DE7D09 /* Tube Status */,
				BA8A1D752AFAA47300DE7D09 /* App Tests */,
			);
		};
/* End PBXProject section */

/* Begin PBXResourcesBuildPhase section */
		BA8A1D582AFA94F900DE7D09 /* Resources */ = {
			isa = PBXResourcesBuildPhase;
			buildActionMask = 2147483647;
			files = (
				BA8A1D6A2AFA94FC00DE7D09 /* LaunchScreen.storyboard in Resources */,
				BA8A1D672AFA94FC00DE7D09 /* Assets.xcassets in Resources */,
			);
			runOnlyForDeploymentPostprocessing = 0;
		};
		BA8A1D742AFAA47300DE7D09 /* Resources */ = {
			isa = PBXResourcesBuildPhase;
			buildActionMask = 2147483647;
			files = (
				BA8A1D982AFAB73D00DE7D09 /* Disruption.json in Resources */,
				BA8A1D942AFAB38200DE7D09 /* ValidityPeriod.json in Resources */,
				BA8A1D9A2AFAB8ED00DE7D09 /* LineStatus.json in Resources */,
				BA8A1D962AFAB5E100DE7D09 /* ServiceType.json in Resources */,
				BA8A1D902AFAB13B00DE7D09 /* Crowding.json in Resources */,
			);
			runOnlyForDeploymentPostprocessing = 0;
		};
/* End PBXResourcesBuildPhase section */

/* Begin PBXSourcesBuildPhase section */
		BA8A1D562AFA94F900DE7D09 /* Sources */ = {
			isa = PBXSourcesBuildPhase;
			buildActionMask = 2147483647;
			files = (
				BA8A1D5E2AFA94F900DE7D09 /* AppDelegate.swift in Sources */,
				BA8A1D8E2AFAACEA00DE7D09 /* RemoteLineModeStatus.swift in Sources */,
				BA8A1D602AFA94F900DE7D09 /* SceneDelegate.swift in Sources */,
			);
			runOnlyForDeploymentPostprocessing = 0;
		};
		BA8A1D722AFAA47300DE7D09 /* Sources */ = {
			isa = PBXSourcesBuildPhase;
			buildActionMask = 2147483647;
			files = (
				BA8A1D8C2AFAA98700DE7D09 /* RemoteLineStatusTests.swift in Sources */,
				BA8A1D842AFAA71E00DE7D09 /* XCTestCase+Extension.swift in Sources */,
			);
			runOnlyForDeploymentPostprocessing = 0;
		};
/* End PBXSourcesBuildPhase section */

/* Begin PBXTargetDependency section */
		BA8A1D7B2AFAA47300DE7D09 /* PBXTargetDependency */ = {
			isa = PBXTargetDependency;
			target = BA8A1D592AFA94F900DE7D09 /* Tube Status */;
			targetProxy = BA8A1D7A2AFAA47300DE7D09 /* PBXContainerItemProxy */;
		};
/* End PBXTargetDependency section */

/* Begin PBXVariantGroup section */
		BA8A1D682AFA94FC00DE7D09 /* LaunchScreen.storyboard */ = {
			isa = PBXVariantGroup;
			children = (
				BA8A1D692AFA94FC00DE7D09 /* Base */,
			);
			name = LaunchScreen.storyboard;
			sourceTree = "<group>";
		};
/* End PBXVariantGroup section */

/* Begin XCBuildConfiguration section */
		BA8A1D6C2AFA94FC00DE7D09 /* Debug */ = {
			isa = XCBuildConfiguration;
			buildSettings = {
				ALWAYS_SEARCH_USER_PATHS = NO;
				CLANG_ANALYZER_NONNULL = YES;
				CLANG_ANALYZER_NUMBER_OBJECT_CONVERSION = YES_AGGRESSIVE;
				CLANG_CXX_LANGUAGE_STANDARD = "gnu++20";
				CLANG_ENABLE_MODULES = YES;
				CLANG_ENABLE_OBJC_ARC = YES;
				CLANG_ENABLE_OBJC_WEAK = YES;
				CLANG_WARN_BLOCK_CAPTURE_AUTORELEASING = YES;
				CLANG_WARN_BOOL_CONVERSION = YES;
				CLANG_WARN_COMMA = YES;
				CLANG_WARN_CONSTANT_CONVERSION = YES;
				CLANG_WARN_DEPRECATED_OBJC_IMPLEMENTATIONS = YES;
				CLANG_WARN_DIRECT_OBJC_ISA_USAGE = YES_ERROR;
				CLANG_WARN_DOCUMENTATION_COMMENTS = YES;
				CLANG_WARN_EMPTY_BODY = YES;
				CLANG_WARN_ENUM_CONVERSION = YES;
				CLANG_WARN_INFINITE_RECURSION = YES;
				CLANG_WARN_INT_CONVERSION = YES;
				CLANG_WARN_NON_LITERAL_NULL_CONVERSION = YES;
				CLANG_WARN_OBJC_IMPLICIT_RETAIN_SELF = YES;
				CLANG_WARN_OBJC_LITERAL_CONVERSION = YES;
				CLANG_WARN_OBJC_ROOT_CLASS = YES_ERROR;
				CLANG_WARN_QUOTED_INCLUDE_IN_FRAMEWORK_HEADER = YES;
				CLANG_WARN_RANGE_LOOP_ANALYSIS = YES;
				CLANG_WARN_STRICT_PROTOTYPES = YES;
				CLANG_WARN_SUSPICIOUS_MOVE = YES;
				CLANG_WARN_UNGUARDED_AVAILABILITY = YES_AGGRESSIVE;
				CLANG_WARN_UNREACHABLE_CODE = YES;
				CLANG_WARN__DUPLICATE_METHOD_MATCH = YES;
				COPY_PHASE_STRIP = NO;
				DEBUG_INFORMATION_FORMAT = dwarf;
				ENABLE_STRICT_OBJC_MSGSEND = YES;
				ENABLE_TESTABILITY = YES;
				GCC_C_LANGUAGE_STANDARD = gnu11;
				GCC_DYNAMIC_NO_PIC = NO;
				GCC_NO_COMMON_BLOCKS = YES;
				GCC_OPTIMIZATION_LEVEL = 0;
				GCC_PREPROCESSOR_DEFINITIONS = (
					"DEBUG=1",
					"$(inherited)",
				);
				GCC_WARN_64_TO_32_BIT_CONVERSION = YES;
				GCC_WARN_ABOUT_RETURN_TYPE = YES_ERROR;
				GCC_WARN_UNDECLARED_SELECTOR = YES;
				GCC_WARN_UNINITIALIZED_AUTOS = YES_AGGRESSIVE;
				GCC_WARN_UNUSED_FUNCTION = YES;
				GCC_WARN_UNUSED_VARIABLE = YES;
				IPHONEOS_DEPLOYMENT_TARGET = 15.0;
				MTL_ENABLE_DEBUG_INFO = INCLUDE_SOURCE;
				MTL_FAST_MATH = YES;
				ONLY_ACTIVE_ARCH = YES;
				SDKROOT = iphoneos;
				SWIFT_ACTIVE_COMPILATION_CONDITIONS = DEBUG;
				SWIFT_OPTIMIZATION_LEVEL = "-Onone";
			};
			name = Debug;
		};
		BA8A1D6D2AFA94FC00DE7D09 /* Release */ = {
			isa = XCBuildConfiguration;
			buildSettings = {
				ALWAYS_SEARCH_USER_PATHS = NO;
				CLANG_ANALYZER_NONNULL = YES;
				CLANG_ANALYZER_NUMBER_OBJECT_CONVERSION = YES_AGGRESSIVE;
				CLANG_CXX_LANGUAGE_STANDARD = "gnu++20";
				CLANG_ENABLE_MODULES = YES;
				CLANG_ENABLE_OBJC_ARC = YES;
				CLANG_ENABLE_OBJC_WEAK = YES;
				CLANG_WARN_BLOCK_CAPTURE_AUTORELEASING = YES;
				CLANG_WARN_BOOL_CONVERSION = YES;
				CLANG_WARN_COMMA = YES;
				CLANG_WARN_CONSTANT_CONVERSION = YES;
				CLANG_WARN_DEPRECATED_OBJC_IMPLEMENTATIONS = YES;
				CLANG_WARN_DIRECT_OBJC_ISA_USAGE = YES_ERROR;
				CLANG_WARN_DOCUMENTATION_COMMENTS = YES;
				CLANG_WARN_EMPTY_BODY = YES;
				CLANG_WARN_ENUM_CONVERSION = YES;
				CLANG_WARN_INFINITE_RECURSION = YES;
				CLANG_WARN_INT_CONVERSION = YES;
				CLANG_WARN_NON_LITERAL_NULL_CONVERSION = YES;
				CLANG_WARN_OBJC_IMPLICIT_RETAIN_SELF = YES;
				CLANG_WARN_OBJC_LITERAL_CONVERSION = YES;
				CLANG_WARN_OBJC_ROOT_CLASS = YES_ERROR;
				CLANG_WARN_QUOTED_INCLUDE_IN_FRAMEWORK_HEADER = YES;
				CLANG_WARN_RANGE_LOOP_ANALYSIS = YES;
				CLANG_WARN_STRICT_PROTOTYPES = YES;
				CLANG_WARN_SUSPICIOUS_MOVE = YES;
				CLANG_WARN_UNGUARDED_AVAILABILITY = YES_AGGRESSIVE;
				CLANG_WARN_UNREACHABLE_CODE = YES;
				CLANG_WARN__DUPLICATE_METHOD_MATCH = YES;
				COPY_PHASE_STRIP = NO;
				DEBUG_INFORMATION_FORMAT = "dwarf-with-dsym";
				ENABLE_NS_ASSERTIONS = NO;
				ENABLE_STRICT_OBJC_MSGSEND = YES;
				GCC_C_LANGUAGE_STANDARD = gnu11;
				GCC_NO_COMMON_BLOCKS = YES;
				GCC_WARN_64_TO_32_BIT_CONVERSION = YES;
				GCC_WARN_ABOUT_RETURN_TYPE = YES_ERROR;
				GCC_WARN_UNDECLARED_SELECTOR = YES;
				GCC_WARN_UNINITIALIZED_AUTOS = YES_AGGRESSIVE;
				GCC_WARN_UNUSED_FUNCTION = YES;
				GCC_WARN_UNUSED_VARIABLE = YES;
				IPHONEOS_DEPLOYMENT_TARGET = 15.0;
				MTL_ENABLE_DEBUG_INFO = NO;
				MTL_FAST_MATH = YES;
				SDKROOT = iphoneos;
				SWIFT_COMPILATION_MODE = wholemodule;
				SWIFT_OPTIMIZATION_LEVEL = "-O";
				VALIDATE_PRODUCT = YES;
			};
			name = Release;
		};
		BA8A1D6F2AFA94FC00DE7D09 /* Debug */ = {
			isa = XCBuildConfiguration;
			buildSettings = {
				ASSETCATALOG_COMPILER_APPICON_NAME = AppIcon;
				ASSETCATALOG_COMPILER_GLOBAL_ACCENT_COLOR_NAME = AccentColor;
				CODE_SIGN_STYLE = Automatic;
				CURRENT_PROJECT_VERSION = 1;
				GENERATE_INFOPLIST_FILE = YES;
				INFOPLIST_FILE = "Tube Status/Sources/Info.plist";
				INFOPLIST_KEY_UIApplicationSupportsIndirectInputEvents = YES;
				INFOPLIST_KEY_UILaunchStoryboardName = LaunchScreen.storyboard;
				INFOPLIST_KEY_UISupportedInterfaceOrientations_iPad = "UIInterfaceOrientationPortrait UIInterfaceOrientationPortraitUpsideDown UIInterfaceOrientationLandscapeLeft UIInterfaceOrientationLandscapeRight";
				INFOPLIST_KEY_UISupportedInterfaceOrientations_iPhone = "UIInterfaceOrientationPortrait UIInterfaceOrientationLandscapeLeft UIInterfaceOrientationLandscapeRight";
				IPHONEOS_DEPLOYMENT_TARGET = 15.0;
				LD_RUNPATH_SEARCH_PATHS = (
					"$(inherited)",
					"@executable_path/Frameworks",
				);
				MARKETING_VERSION = 1.0;
				PRODUCT_BUNDLE_IDENTIFIER = "com.tech-test.Tube-Status";
				PRODUCT_NAME = "$(TARGET_NAME)";
				SUPPORTED_PLATFORMS = "iphoneos iphonesimulator";
				SUPPORTS_MACCATALYST = NO;
				SUPPORTS_MAC_DESIGNED_FOR_IPHONE_IPAD = NO;
				SWIFT_EMIT_LOC_STRINGS = YES;
				SWIFT_VERSION = 5.0;
				TARGETED_DEVICE_FAMILY = "1,2";
			};
			name = Debug;
		};
		BA8A1D702AFA94FC00DE7D09 /* Release */ = {
			isa = XCBuildConfiguration;
			buildSettings = {
				ASSETCATALOG_COMPILER_APPICON_NAME = AppIcon;
				ASSETCATALOG_COMPILER_GLOBAL_ACCENT_COLOR_NAME = AccentColor;
				CODE_SIGN_STYLE = Automatic;
				CURRENT_PROJECT_VERSION = 1;
				GENERATE_INFOPLIST_FILE = YES;
				INFOPLIST_FILE = "Tube Status/Sources/Info.plist";
				INFOPLIST_KEY_UIApplicationSupportsIndirectInputEvents = YES;
				INFOPLIST_KEY_UILaunchStoryboardName = LaunchScreen.storyboard;
				INFOPLIST_KEY_UISupportedInterfaceOrientations_iPad = "UIInterfaceOrientationPortrait UIInterfaceOrientationPortraitUpsideDown UIInterfaceOrientationLandscapeLeft UIInterfaceOrientationLandscapeRight";
				INFOPLIST_KEY_UISupportedInterfaceOrientations_iPhone = "UIInterfaceOrientationPortrait UIInterfaceOrientationLandscapeLeft UIInterfaceOrientationLandscapeRight";
				IPHONEOS_DEPLOYMENT_TARGET = 15.0;
				LD_RUNPATH_SEARCH_PATHS = (
					"$(inherited)",
					"@executable_path/Frameworks",
				);
				MARKETING_VERSION = 1.0;
				PRODUCT_BUNDLE_IDENTIFIER = "com.tech-test.Tube-Status";
				PRODUCT_NAME = "$(TARGET_NAME)";
				SUPPORTED_PLATFORMS = "iphoneos iphonesimulator";
				SUPPORTS_MACCATALYST = NO;
				SUPPORTS_MAC_DESIGNED_FOR_IPHONE_IPAD = NO;
				SWIFT_EMIT_LOC_STRINGS = YES;
				SWIFT_VERSION = 5.0;
				TARGETED_DEVICE_FAMILY = "1,2";
			};
			name = Release;
		};
		BA8A1D7D2AFAA47300DE7D09 /* Debug */ = {
			isa = XCBuildConfiguration;
			buildSettings = {
				BUNDLE_LOADER = "$(TEST_HOST)";
				CODE_SIGN_STYLE = Automatic;
				CURRENT_PROJECT_VERSION = 1;
				GENERATE_INFOPLIST_FILE = YES;
				IPHONEOS_DEPLOYMENT_TARGET = 15.0;
				MACOSX_DEPLOYMENT_TARGET = 13.1;
				MARKETING_VERSION = 1.0;
				PRODUCT_BUNDLE_IDENTIFIER = "com.tech-test.App-Tests";
				PRODUCT_NAME = "$(TARGET_NAME)";
				SDKROOT = auto;
				SUPPORTED_PLATFORMS = "iphoneos iphonesimulator macosx";
				SWIFT_EMIT_LOC_STRINGS = NO;
				SWIFT_VERSION = 5.0;
				TARGETED_DEVICE_FAMILY = "1,2";
				TEST_HOST = "$(BUILT_PRODUCTS_DIR)/Tube Status.app/$(BUNDLE_EXECUTABLE_FOLDER_PATH)/Tube Status";
			};
			name = Debug;
		};
		BA8A1D7E2AFAA47300DE7D09 /* Release */ = {
			isa = XCBuildConfiguration;
			buildSettings = {
				BUNDLE_LOADER = "$(TEST_HOST)";
				CODE_SIGN_STYLE = Automatic;
				CURRENT_PROJECT_VERSION = 1;
				GENERATE_INFOPLIST_FILE = YES;
				IPHONEOS_DEPLOYMENT_TARGET = 15.0;
				MACOSX_DEPLOYMENT_TARGET = 13.1;
				MARKETING_VERSION = 1.0;
				PRODUCT_BUNDLE_IDENTIFIER = "com.tech-test.App-Tests";
				PRODUCT_NAME = "$(TARGET_NAME)";
				SDKROOT = auto;
				SUPPORTED_PLATFORMS = "iphoneos iphonesimulator macosx";
				SWIFT_EMIT_LOC_STRINGS = NO;
				SWIFT_VERSION = 5.0;
				TARGETED_DEVICE_FAMILY = "1,2";
				TEST_HOST = "$(BUILT_PRODUCTS_DIR)/Tube Status.app/$(BUNDLE_EXECUTABLE_FOLDER_PATH)/Tube Status";
			};
			name = Release;
		};
/* End XCBuildConfiguration section */

/* Begin XCConfigurationList section */
		BA8A1D552AFA94F900DE7D09 /* Build configuration list for PBXProject "Tube Status" */ = {
			isa = XCConfigurationList;
			buildConfigurations = (
				BA8A1D6C2AFA94FC00DE7D09 /* Debug */,
				BA8A1D6D2AFA94FC00DE7D09 /* Release */,
			);
			defaultConfigurationIsVisible = 0;
			defaultConfigurationName = Release;
		};
		BA8A1D6E2AFA94FC00DE7D09 /* Build configuration list for PBXNativeTarget "Tube Status" */ = {
			isa = XCConfigurationList;
			buildConfigurations = (
				BA8A1D6F2AFA94FC00DE7D09 /* Debug */,
				BA8A1D702AFA94FC00DE7D09 /* Release */,
			);
			defaultConfigurationIsVisible = 0;
			defaultConfigurationName = Release;
		};
		BA8A1D7C2AFAA47300DE7D09 /* Build configuration list for PBXNativeTarget "App Tests" */ = {
			isa = XCConfigurationList;
			buildConfigurations = (
				BA8A1D7D2AFAA47300DE7D09 /* Debug */,
				BA8A1D7E2AFAA47300DE7D09 /* Release */,
			);
			defaultConfigurationIsVisible = 0;
			defaultConfigurationName = Release;
		};
/* End XCConfigurationList section */
	};
	rootObject = BA8A1D522AFA94F900DE7D09 /* Project object */;
}
